
Microsoft Visual Studio Solution File, Format Version 12.00
# Visual Studio Version 17
VisualStudioVersion = 17.5.33516.290
MinimumVisualStudioVersion = 10.0.40219.1
Project("{D2ABAB84-BF74-430A-B69E-9DC6D40DDA17}") = "VISITS Data Analysis", "VISITS Data Analysis.dwproj", "{6E6F2260-CE45-42CA-AE00-CB872959DBC3}"
EndProject
Global
	GlobalSection(SolutionConfigurationPlatforms) = preSolution
		Development|Default = Development|Default
	EndGlobalSection
	GlobalSection(ProjectConfigurationPlatforms) = postSolution
		{6E6F2260-CE45-42CA-AE00-CB872959DBC3}.Development|Default.ActiveCfg = Development
		{6E6F2260-CE45-42CA-AE00-CB872959DBC3}.Development|Default.Build.0 = Development
		{6E6F2260-CE45-42CA-AE00-CB872959DBC3}.Development|Default.Deploy.0 = Development
	EndGlobalSection
	GlobalSection(SolutionProperties) = preSolution
		HideSolutionNode = FALSE
	EndGlobalSection
	GlobalSection(ExtensibilityGlobals) = postSolution
		SolutionGuid = {FE9D8797-E5AE-4867-80A3-CDF310A37597}
	EndGlobalSection
EndGlobal
