
Microsoft Visual Studio Solution File, Format Version 12.00
# Visual Studio Version 17
VisualStudioVersion = 17.4.33213.308
MinimumVisualStudioVersion = 10.0.40219.1
Project("{FAE04EC0-301F-11D3-BF4B-00C04F79EFBC}") = "BI Import Prod Data", "BI Import Prod Data.csproj", "{A26D16CE-A698-485D-A025-172BFC4ADC49}"
EndProject
Global
	GlobalSection(SolutionConfigurationPlatforms) = preSolution
		Debug|Any CPU = Debug|Any CPU
		Release|Any CPU = Release|Any CPU
	EndGlobalSection
	GlobalSection(ProjectConfigurationPlatforms) = postSolution
		{A26D16CE-A698-485D-A025-172BFC4ADC49}.Debug|Any CPU.ActiveCfg = Debug|Any CPU
		{A26D16CE-A698-485D-A025-172BFC4ADC49}.Debug|Any CPU.Build.0 = Debug|Any CPU
		{A26D16CE-A698-485D-A025-172BFC4ADC49}.Release|Any CPU.ActiveCfg = Release|Any CPU
		{A26D16CE-A698-485D-A025-172BFC4ADC49}.Release|Any CPU.Build.0 = Release|Any CPU
	EndGlobalSection
	GlobalSection(SolutionProperties) = preSolution
		HideSolutionNode = FALSE
	EndGlobalSection
	GlobalSection(ExtensibilityGlobals) = postSolution
		SolutionGuid = {ACC8B52E-8478-4DE9-B0A4-485829FB9EC1}
	EndGlobalSection
EndGlobal
