
Microsoft Visual Studio Solution File, Format Version 12.00
# Visual Studio Version 17
VisualStudioVersion = 17.4.33403.182
MinimumVisualStudioVersion = 10.0.40219.1
Project("{D2ABAB84-BF74-430A-B69E-9DC6D40DDA17}") = "Prod Data Analysis", "Prod Data Analysis.dwproj", "{0A55BFCE-534B-466A-9B3B-243A3D64939E}"
EndProject
Global
	GlobalSection(SolutionConfigurationPlatforms) = preSolution
		Development|Default = Development|Default
	EndGlobalSection
	GlobalSection(ProjectConfigurationPlatforms) = postSolution
		{0A55BFCE-534B-466A-9B3B-243A3D64939E}.Development|Default.ActiveCfg = Development
		{0A55BFCE-534B-466A-9B3B-243A3D64939E}.Development|Default.Build.0 = Development
		{0A55BFCE-534B-466A-9B3B-243A3D64939E}.Development|Default.Deploy.0 = Development
	EndGlobalSection
	GlobalSection(SolutionProperties) = preSolution
		HideSolutionNode = FALSE
	EndGlobalSection
	GlobalSection(ExtensibilityGlobals) = postSolution
		SolutionGuid = {E369C069-C250-4313-B54D-65B5FEC6F99A}
	EndGlobalSection
EndGlobal
